// !$*UTF8*$!
{
	archiveVersion = 1;
	classes = {
	};
	objectVersion = 46;
	objects = {

/* Begin PBXBuildFile section */
		F79CB4BF1BCA10C2002CF3AC /* AppDelegate.swift in Sources */ = {isa = PBXBuildFile; fileRef = F79CB4BE1BCA10C2002CF3AC /* AppDelegate.swift */; };
		F79CB4C11BCA10C2002CF3AC /* ViewController.swift in Sources */ = {isa = PBXBuildFile; fileRef = F79CB4C01BCA10C2002CF3AC /* ViewController.swift */; };
		F79CB4C41BCA10C2002CF3AC /* Main.storyboard in Resources */ = {isa = PBXBuildFile; fileRef = F79CB4C21BCA10C2002CF3AC /* Main.storyboard */; };
		F79CB4C61BCA10C2002CF3AC /* Assets.xcassets in Resources */ = {isa = PBXBuildFile; fileRef = F79CB4C51BCA10C2002CF3AC /* Assets.xcassets */; };
		F79CB4C91BCA10C2002CF3AC /* LaunchScreen.storyboard in Resources */ = {isa = PBXBuildFile; fileRef = F79CB4C71BCA10C2002CF3AC /* LaunchScreen.storyboard */; };
		F79CB4D41BCA10C2002CF3AC /* course_4_final_calculatorTests.swift in Sources */ = {isa = PBXBuildFile; fileRef = F79CB4D31BCA10C2002CF3AC /* course_4_final_calculatorTests.swift */; };
		F79CB4DF1BCA10C2002CF3AC /* course_4_final_calculatorUITests.swift in Sources */ = {isa = PBXBuildFile; fileRef = F79CB4DE1BCA10C2002CF3AC /* course_4_final_calculatorUITests.swift */; };
/* End PBXBuildFile section */

/* Begin PBXContainerItemProxy section */
		F79CB4D01BCA10C2002CF3AC /* PBXContainerItemProxy */ = {
			isa = PBXContainerItemProxy;
			containerPortal = F79CB4B31BCA10C2002CF3AC /* Project object */;
			proxyType = 1;
			remoteGlobalIDString = F79CB4BA1BCA10C2002CF3AC;
			remoteInfo = course_4.final_calculator;
		};
		F79CB4DB1BCA10C2002CF3AC /* PBXContainerItemProxy */ = {
			isa = PBXContainerItemProxy;
			containerPortal = F79CB4B31BCA10C2002CF3AC /* Project object */;
			proxyType = 1;
			remoteGlobalIDString = F79CB4BA1BCA10C2002CF3AC;
			remoteInfo = course_4.final_calculator;
		};
/* End PBXContainerItemProxy section */

/* Begin PBXFileReference section */
		F79CB4BB1BCA10C2002CF3AC /* course_4.final_calculator.app */ = {isa = PBXFileReference; explicitFileType = wrapper.application; includeInIndex = 0; path = course_4.final_calculator.app; sourceTree = BUILT_PRODUCTS_DIR; };
		F79CB4BE1BCA10C2002CF3AC /* AppDelegate.swift */ = {isa = PBXFileReference; lastKnownFileType = sourcecode.swift; path = AppDelegate.swift; sourceTree = "<group>"; };
		F79CB4C01BCA10C2002CF3AC /* ViewController.swift */ = {isa = PBXFileReference; lastKnownFileType = sourcecode.swift; path = ViewController.swift; sourceTree = "<group>"; };
		F79CB4C31BCA10C2002CF3AC /* Base */ = {isa = PBXFileReference; lastKnownFileType = file.storyboard; name = Base; path = Base.lproj/Main.storyboard; sourceTree = "<group>"; };
		F79CB4C51BCA10C2002CF3AC /* Assets.xcassets */ = {isa = PBXFileReference; lastKnownFileType = folder.assetcatalog; path = Assets.xcassets; sourceTree = "<group>"; };
		F79CB4C81BCA10C2002CF3AC /* Base */ = {isa = PBXFileReference; lastKnownFileType = file.storyboard; name = Base; path = Base.lproj/LaunchScreen.storyboard; sourceTree = "<group>"; };
		F79CB4CA1BCA10C2002CF3AC /* Info.plist */ = {isa = PBXFileReference; lastKnownFileType = text.plist.xml; path = Info.plist; sourceTree = "<group>"; };
		F79CB4CF1BCA10C2002CF3AC /* course_4.final_calculatorTests.xctest */ = {isa = PBXFileReference; explicitFileType = wrapper.cfbundle; includeInIndex = 0; path = course_4.final_calculatorTests.xctest; sourceTree = BUILT_PRODUCTS_DIR; };
		F79CB4D31BCA10C2002CF3AC /* course_4_final_calculatorTests.swift */ = {isa = PBXFileReference; lastKnownFileType = sourcecode.swift; path = course_4_final_calculatorTests.swift; sourceTree = "<group>"; };
		F79CB4D51BCA10C2002CF3AC /* Info.plist */ = {isa = PBXFileReference; lastKnownFileType = text.plist.xml; path = Info.plist; sourceTree = "<group>"; };
		F79CB4DA1BCA10C2002CF3AC /* course_4.final_calculatorUITests.xctest */ = {isa = PBXFileReference; explicitFileType = wrapper.cfbundle; includeInIndex = 0; path = course_4.final_calculatorUITests.xctest; sourceTree = BUILT_PRODUCTS_DIR; };
		F79CB4DE1BCA10C2002CF3AC /* course_4_final_calculatorUITests.swift */ = {isa = PBXFileReference; lastKnownFileType = sourcecode.swift; path = course_4_final_calculatorUITests.swift; sourceTree = "<group>"; };
		F79CB4E01BCA10C2002CF3AC /* Info.plist */ = {isa = PBXFileReference; lastKnownFileType = text.plist.xml; path = Info.plist; sourceTree = "<group>"; };
/* End PBXFileReference section */

/* Begin PBXFrameworksBuildPhase section */
		F79CB4B81BCA10C2002CF3AC /* Frameworks */ = {
			isa = PBXFrameworksBuildPhase;
			buildActionMask = 2147483647;
			files = (
			);
			runOnlyForDeploymentPostprocessing = 0;
		};
		F79CB4CC1BCA10C2002CF3AC /* Frameworks */ = {
			isa = PBXFrameworksBuildPhase;
			buildActionMask = 2147483647;
			files = (
			);
			runOnlyForDeploymentPostprocessing = 0;
		};
		F79CB4D71BCA10C2002CF3AC /* Frameworks */ = {
			isa = PBXFrameworksBuildPhase;
			buildActionMask = 2147483647;
			files = (
			);
			runOnlyForDeploymentPostprocessing = 0;
		};
/* End PBXFrameworksBuildPhase section */

/* Begin PBXGroup section */
		F79CB4B21BCA10C2002CF3AC = {
			isa = PBXGroup;
			children = (
				F79CB4BD1BCA10C2002CF3AC /* course_4.final_calculator */,
				F79CB4D21BCA10C2002CF3AC /* course_4.final_calculatorTests */,
				F79CB4DD1BCA10C2002CF3AC /* course_4.final_calculatorUITests */,
				F79CB4BC1BCA10C2002CF3AC /* Products */,
			);
			sourceTree = "<group>";
		};
		F79CB4BC1BCA10C2002CF3AC /* Products */ = {
			isa = PBXGroup;
			children = (
				F79CB4BB1BCA10C2002CF3AC /* course_4.final_calculator.app */,
				F79CB4CF1BCA10C2002CF3AC /* course_4.final_calculatorTests.xctest */,
				F79CB4DA1BCA10C2002CF3AC /* course_4.final_calculatorUITests.xctest */,
			);
			name = Products;
			sourceTree = "<group>";
		};
		F79CB4BD1BCA10C2002CF3AC /* course_4.final_calculator */ = {
			isa = PBXGroup;
			children = (
				F79CB4BE1BCA10C2002CF3AC /* AppDelegate.swift */,
				F79CB4C01BCA10C2002CF3AC /* ViewController.swift */,
				F79CB4C21BCA10C2002CF3AC /* Main.storyboard */,
				F79CB4C51BCA10C2002CF3AC /* Assets.xcassets */,
				F79CB4C71BCA10C2002CF3AC /* LaunchScreen.storyboard */,
				F79CB4CA1BCA10C2002CF3AC /* Info.plist */,
			);
			path = course_4.final_calculator;
			sourceTree = "<group>";
		};
		F79CB4D21BCA10C2002CF3AC /* course_4.final_calculatorTests */ = {
			isa = PBXGroup;
			children = (
				F79CB4D31BCA10C2002CF3AC /* course_4_final_calculatorTests.swift */,
				F79CB4D51BCA10C2002CF3AC /* Info.plist */,
			);
			path = course_4.final_calculatorTests;
			sourceTree = "<group>";
		};
		F79CB4DD1BCA10C2002CF3AC /* course_4.final_calculatorUITests */ = {
			isa = PBXGroup;
			children = (
				F79CB4DE1BCA10C2002CF3AC /* course_4_final_calculatorUITests.swift */,
				F79CB4E01BCA10C2002CF3AC /* Info.plist */,
			);
			path = course_4.final_calculatorUITests;
			sourceTree = "<group>";
		};
/* End PBXGroup section */

/* Begin PBXNativeTarget section */
		F79CB4BA1BCA10C2002CF3AC /* course_4.final_calculator */ = {
			isa = PBXNativeTarget;
			buildConfigurationList = F79CB4E31BCA10C2002CF3AC /* Build configuration list for PBXNativeTarget "course_4.final_calculator" */;
			buildPhases = (
				F79CB4B71BCA10C2002CF3AC /* Sources */,
				F79CB4B81BCA10C2002CF3AC /* Frameworks */,
				F79CB4B91BCA10C2002CF3AC /* Resources */,
			);
			buildRules = (
			);
			dependencies = (
			);
			name = course_4.final_calculator;
			productName = course_4.final_calculator;
			productReference = F79CB4BB1BCA10C2002CF3AC /* course_4.final_calculator.app */;
			productType = "com.apple.product-type.application";
		};
		F79CB4CE1BCA10C2002CF3AC /* course_4.final_calculatorTests */ = {
			isa = PBXNativeTarget;
			buildConfigurationList = F79CB4E61BCA10C2002CF3AC /* Build configuration list for PBXNativeTarget "course_4.final_calculatorTests" */;
			buildPhases = (
				F79CB4CB1BCA10C2002CF3AC /* Sources */,
				F79CB4CC1BCA10C2002CF3AC /* Frameworks */,
				F79CB4CD1BCA10C2002CF3AC /* Resources */,
			);
			buildRules = (
			);
			dependencies = (
				F79CB4D11BCA10C2002CF3AC /* PBXTargetDependency */,
			);
			name = course_4.final_calculatorTests;
			productName = course_4.final_calculatorTests;
			productReference = F79CB4CF1BCA10C2002CF3AC /* course_4.final_calculatorTests.xctest */;
			productType = "com.apple.product-type.bundle.unit-test";
		};
		F79CB4D91BCA10C2002CF3AC /* course_4.final_calculatorUITests */ = {
			isa = PBXNativeTarget;
			buildConfigurationList = F79CB4E91BCA10C2002CF3AC /* Build configuration list for PBXNativeTarget "course_4.final_calculatorUITests" */;
			buildPhases = (
				F79CB4D61BCA10C2002CF3AC /* Sources */,
				F79CB4D71BCA10C2002CF3AC /* Frameworks */,
				F79CB4D81BCA10C2002CF3AC /* Resources */,
			);
			buildRules = (
			);
			dependencies = (
				F79CB4DC1BCA10C2002CF3AC /* PBXTargetDependency */,
			);
			name = course_4.final_calculatorUITests;
			productName = course_4.final_calculatorUITests;
			productReference = F79CB4DA1BCA10C2002CF3AC /* course_4.final_calculatorUITests.xctest */;
			productType = "com.apple.product-type.bundle.ui-testing";
		};
/* End PBXNativeTarget section */

/* Begin PBXProject section */
		F79CB4B31BCA10C2002CF3AC /* Project object */ = {
			isa = PBXProject;
			attributes = {
				LastUpgradeCheck = 0700;
				ORGANIZATIONNAME = Zkuns;
				TargetAttributes = {
					F79CB4BA1BCA10C2002CF3AC = {
						CreatedOnToolsVersion = 7.0.1;
					};
					F79CB4CE1BCA10C2002CF3AC = {
						CreatedOnToolsVersion = 7.0.1;
						TestTargetID = F79CB4BA1BCA10C2002CF3AC;
					};
					F79CB4D91BCA10C2002CF3AC = {
						CreatedOnToolsVersion = 7.0.1;
						TestTargetID = F79CB4BA1BCA10C2002CF3AC;
					};
				};
			};
			buildConfigurationList = F79CB4B61BCA10C2002CF3AC /* Build configuration list for PBXProject "course_4.final_calculator" */;
			compatibilityVersion = "Xcode 3.2";
			developmentRegion = English;
			hasScannedForEncodings = 0;
			knownRegions = (
				en,
				Base,
			);
			mainGroup = F79CB4B21BCA10C2002CF3AC;
			productRefGroup = F79CB4BC1BCA10C2002CF3AC /* Products */;
			projectDirPath = "";
			projectRoot = "";
			targets = (
				F79CB4BA1BCA10C2002CF3AC /* course_4.final_calculator */,
				F79CB4CE1BCA10C2002CF3AC /* course_4.final_calculatorTests */,
				F79CB4D91BCA10C2002CF3AC /* course_4.final_calculatorUITests */,
			);
		};
/* End PBXProject section */

/* Begin PBXResourcesBuildPhase section */
		F79CB4B91BCA10C2002CF3AC /* Resources */ = {
			isa = PBXResourcesBuildPhase;
			buildActionMask = 2147483647;
			files = (
				F79CB4C91BCA10C2002CF3AC /* LaunchScreen.storyboard in Resources */,
				F79CB4C61BCA10C2002CF3AC /* Assets.xcassets in Resources */,
				F79CB4C41BCA10C2002CF3AC /* Main.storyboard in Resources */,
			);
			runOnlyForDeploymentPostprocessing = 0;
		};
		F79CB4CD1BCA10C2002CF3AC /* Resources */ = {
			isa = PBXResourcesBuildPhase;
			buildActionMask = 2147483647;
			files = (
			);
			runOnlyForDeploymentPostprocessing = 0;
		};
		F79CB4D81BCA10C2002CF3AC /* Resources */ = {
			isa = PBXResourcesBuildPhase;
			buildActionMask = 2147483647;
			files = (
			);
			runOnlyForDeploymentPostprocessing = 0;
		};
/* End PBXResourcesBuildPhase section */

/* Begin PBXSourcesBuildPhase section */
		F79CB4B71BCA10C2002CF3AC /* Sources */ = {
			isa = PBXSourcesBuildPhase;
			buildActionMask = 2147483647;
			files = (
				F79CB4C11BCA10C2002CF3AC /* ViewController.swift in Sources */,
				F79CB4BF1BCA10C2002CF3AC /* AppDelegate.swift in Sources */,
			);
			runOnlyForDeploymentPostprocessing = 0;
		};
		F79CB4CB1BCA10C2002CF3AC /* Sources */ = {
			isa = PBXSourcesBuildPhase;
			buildActionMask = 2147483647;
			files = (
				F79CB4D41BCA10C2002CF3AC /* course_4_final_calculatorTests.swift in Sources */,
			);
			runOnlyForDeploymentPostprocessing = 0;
		};
		F79CB4D61BCA10C2002CF3AC /* Sources */ = {
			isa = PBXSourcesBuildPhase;
			buildActionMask = 2147483647;
			files = (
				F79CB4DF1BCA10C2002CF3AC /* course_4_final_calculatorUITests.swift in Sources */,
			);
			runOnlyForDeploymentPostprocessing = 0;
		};
/* End PBXSourcesBuildPhase section */

/* Begin PBXTargetDependency section */
		F79CB4D11BCA10C2002CF3AC /* PBXTargetDependency */ = {
			isa = PBXTargetDependency;
			target = F79CB4BA1BCA10C2002CF3AC /* course_4.final_calculator */;
			targetProxy = F79CB4D01BCA10C2002CF3AC /* PBXContainerItemProxy */;
		};
		F79CB4DC1BCA10C2002CF3AC /* PBXTargetDependency */ = {
			isa = PBXTargetDependency;
			target = F79CB4BA1BCA10C2002CF3AC /* course_4.final_calculator */;
			targetProxy = F79CB4DB1BCA10C2002CF3AC /* PBXContainerItemProxy */;
		};
/* End PBXTargetDependency section */

/* Begin PBXVariantGroup section */
		F79CB4C21BCA10C2002CF3AC /* Main.storyboard */ = {
			isa = PBXVariantGroup;
			children = (
				F79CB4C31BCA10C2002CF3AC /* Base */,
			);
			name = Main.storyboard;
			sourceTree = "<group>";
		};
		F79CB4C71BCA10C2002CF3AC /* LaunchScreen.storyboard */ = {
			isa = PBXVariantGroup;
			children = (
				F79CB4C81BCA10C2002CF3AC /* Base */,
			);
			name = LaunchScreen.storyboard;
			sourceTree = "<group>";
		};
/* End PBXVariantGroup section */

/* Begin XCBuildConfiguration section */
		F79CB4E11BCA10C2002CF3AC /* Debug */ = {
			isa = XCBuildConfiguration;
			buildSettings = {
				ALWAYS_SEARCH_USER_PATHS = NO;
				CLANG_CXX_LANGUAGE_STANDARD = "gnu++0x";
				CLANG_CXX_LIBRARY = "libc++";
				CLANG_ENABLE_MODULES = YES;
				CLANG_ENABLE_OBJC_ARC = YES;
				CLANG_WARN_BOOL_CONVERSION = YES;
				CLANG_WARN_CONSTANT_CONVERSION = YES;
				CLANG_WARN_DIRECT_OBJC_ISA_USAGE = YES_ERROR;
				CLANG_WARN_EMPTY_BODY = YES;
				CLANG_WARN_ENUM_CONVERSION = YES;
				CLANG_WARN_INT_CONVERSION = YES;
				CLANG_WARN_OBJC_ROOT_CLASS = YES_ERROR;
				CLANG_WARN_UNREACHABLE_CODE = YES;
				CLANG_WARN__DUPLICATE_METHOD_MATCH = YES;
				"CODE_SIGN_IDENTITY[sdk=iphoneos*]" = "iPhone Developer";
				COPY_PHASE_STRIP = NO;
				DEBUG_INFORMATION_FORMAT = dwarf;
				ENABLE_STRICT_OBJC_MSGSEND = YES;
				ENABLE_TESTABILITY = YES;
				GCC_C_LANGUAGE_STANDARD = gnu99;
				GCC_DYNAMIC_NO_PIC = NO;
				GCC_NO_COMMON_BLOCKS = YES;
				GCC_OPTIMIZATION_LEVEL = 0;
				GCC_PREPROCESSOR_DEFINITIONS = (
					"DEBUG=1",
					"$(inherited)",
				);
				GCC_WARN_64_TO_32_BIT_CONVERSION = YES;
				GCC_WARN_ABOUT_RETURN_TYPE = YES_ERROR;
				GCC_WARN_UNDECLARED_SELECTOR = YES;
				GCC_WARN_UNINITIALIZED_AUTOS = YES_AGGRESSIVE;
				GCC_WARN_UNUSED_FUNCTION = YES;
				GCC_WARN_UNUSED_VARIABLE = YES;
				IPHONEOS_DEPLOYMENT_TARGET = 9.0;
				MTL_ENABLE_DEBUG_INFO = YES;
				ONLY_ACTIVE_ARCH = YES;
				SDKROOT = iphoneos;
				SWIFT_OPTIMIZATION_LEVEL = "-Onone";
			};
			name = Debug;
		};
		F79CB4E21BCA10C2002CF3AC /* Release */ = {
			isa = XCBuildConfiguration;
			buildSettings = {
				ALWAYS_SEARCH_USER_PATHS = NO;
				CLANG_CXX_LANGUAGE_STANDARD = "gnu++0x";
				CLANG_CXX_LIBRARY = "libc++";
				CLANG_ENABLE_MODULES = YES;
				CLANG_ENABLE_OBJC_ARC = YES;
				CLANG_WARN_BOOL_CONVERSION = YES;
				CLANG_WARN_CONSTANT_CONVERSION = YES;
				CLANG_WARN_DIRECT_OBJC_ISA_USAGE = YES_ERROR;
				CLANG_WARN_EMPTY_BODY = YES;
				CLANG_WARN_ENUM_CONVERSION = YES;
				CLANG_WARN_INT_CONVERSION = YES;
				CLANG_WARN_OBJC_ROOT_CLASS = YES_ERROR;
				CLANG_WARN_UNREACHABLE_CODE = YES;
				CLANG_WARN__DUPLICATE_METHOD_MATCH = YES;
				"CODE_SIGN_IDENTITY[sdk=iphoneos*]" = "iPhone Developer";
				COPY_PHASE_STRIP = NO;
				DEBUG_INFORMATION_FORMAT = "dwarf-with-dsym";
				ENABLE_NS_ASSERTIONS = NO;
				ENABLE_STRICT_OBJC_MSGSEND = YES;
				GCC_C_LANGUAGE_STANDARD = gnu99;
				GCC_NO_COMMON_BLOCKS = YES;
				GCC_WARN_64_TO_32_BIT_CONVERSION = YES;
				GCC_WARN_ABOUT_RETURN_TYPE = YES_ERROR;
				GCC_WARN_UNDECLARED_SELECTOR = YES;
				GCC_WARN_UNINITIALIZED_AUTOS = YES_AGGRESSIVE;
				GCC_WARN_UNUSED_FUNCTION = YES;
				GCC_WARN_UNUSED_VARIABLE = YES;
				IPHONEOS_DEPLOYMENT_TARGET = 9.0;
				MTL_ENABLE_DEBUG_INFO = NO;
				SDKROOT = iphoneos;
				VALIDATE_PRODUCT = YES;
			};
			name = Release;
		};
		F79CB4E41BCA10C2002CF3AC /* Debug */ = {
			isa = XCBuildConfiguration;
			buildSettings = {
				ASSETCATALOG_COMPILER_APPICON_NAME = AppIcon;
				INFOPLIST_FILE = course_4.final_calculator/Info.plist;
				LD_RUNPATH_SEARCH_PATHS = "$(inherited) @executable_path/Frameworks";
				PRODUCT_BUNDLE_IDENTIFIER = "com.zk.course-4-final-calculator";
				PRODUCT_NAME = "$(TARGET_NAME)";
			};
			name = Debug;
		};
		F79CB4E51BCA10C2002CF3AC /* Release */ = {
			isa = XCBuildConfiguration;
			buildSettings = {
				ASSETCATALOG_COMPILER_APPICON_NAME = AppIcon;
				INFOPLIST_FILE = course_4.final_calculator/Info.plist;
				LD_RUNPATH_SEARCH_PATHS = "$(inherited) @executable_path/Frameworks";
				PRODUCT_BUNDLE_IDENTIFIER = "com.zk.course-4-final-calculator";
				PRODUCT_NAME = "$(TARGET_NAME)";
			};
			name = Release;
		};
		F79CB4E71BCA10C2002CF3AC /* Debug */ = {
			isa = XCBuildConfiguration;
			buildSettings = {
				BUNDLE_LOADER = "$(TEST_HOST)";
				INFOPLIST_FILE = course_4.final_calculatorTests/Info.plist;
				LD_RUNPATH_SEARCH_PATHS = "$(inherited) @executable_path/Frameworks @loader_path/Frameworks";
				PRODUCT_BUNDLE_IDENTIFIER = "com.zk.course-4-final-calculatorTests";
				PRODUCT_NAME = "$(TARGET_NAME)";
				TEST_HOST = "$(BUILT_PRODUCTS_DIR)/course_4.final_calculator.app/course_4.final_calculator";
			};
			name = Debug;
		};
		F79CB4E81BCA10C2002CF3AC /* Release */ = {
			isa = XCBuildConfiguration;
			buildSettings = {
				BUNDLE_LOADER = "$(TEST_HOST)";
				INFOPLIST_FILE = course_4.final_calculatorTests/Info.plist;
				LD_RUNPATH_SEARCH_PATHS = "$(inherited) @executable_path/Frameworks @loader_path/Frameworks";
				PRODUCT_BUNDLE_IDENTIFIER = "com.zk.course-4-final-calculatorTests";
				PRODUCT_NAME = "$(TARGET_NAME)";
				TEST_HOST = "$(BUILT_PRODUCTS_DIR)/course_4.final_calculator.app/course_4.final_calculator";
			};
			name = Release;
		};
		F79CB4EA1BCA10C2002CF3AC /* Debug */ = {
			isa = XCBuildConfiguration;
			buildSettings = {
				INFOPLIST_FILE = course_4.final_calculatorUITests/Info.plist;
				LD_RUNPATH_SEARCH_PATHS = "$(inherited) @executable_path/Frameworks @loader_path/Frameworks";
				PRODUCT_BUNDLE_IDENTIFIER = "com.zk.course-4-final-calculatorUITests";
				PRODUCT_NAME = "$(TARGET_NAME)";
				TEST_TARGET_NAME = course_4.final_calculator;
				USES_XCTRUNNER = YES;
			};
			name = Debug;
		};
		F79CB4EB1BCA10C2002CF3AC /* Release */ = {
			isa = XCBuildConfiguration;
			buildSettings = {
				INFOPLIST_FILE = course_4.final_calculatorUITests/Info.plist;
				LD_RUNPATH_SEARCH_PATHS = "$(inherited) @executable_path/Frameworks @loader_path/Frameworks";
				PRODUCT_BUNDLE_IDENTIFIER = "com.zk.course-4-final-calculatorUITests";
				PRODUCT_NAME = "$(TARGET_NAME)";
				TEST_TARGET_NAME = course_4.final_calculator;
				USES_XCTRUNNER = YES;
			};
			name = Release;
		};
/* End XCBuildConfiguration section */

/* Begin XCConfigurationList section */
		F79CB4B61BCA10C2002CF3AC /* Build configuration list for PBXProject "course_4.final_calculator" */ = {
			isa = XCConfigurationList;
			buildConfigurations = (
				F79CB4E11BCA10C2002CF3AC /* Debug */,
				F79CB4E21BCA10C2002CF3AC /* Release */,
			);
			defaultConfigurationIsVisible = 0;
			defaultConfigurationName = Release;
		};
		F79CB4E31BCA10C2002CF3AC /* Build configuration list for PBXNativeTarget "course_4.final_calculator" */ = {
			isa = XCConfigurationList;
			buildConfigurations = (
				F79CB4E41BCA10C2002CF3AC /* Debug */,
				F79CB4E51BCA10C2002CF3AC /* Release */,
			);
			defaultConfigurationIsVisible = 0;
		};
		F79CB4E61BCA10C2002CF3AC /* Build configuration list for PBXNativeTarget "course_4.final_calculatorTests" */ = {
			isa = XCConfigurationList;
			buildConfigurations = (
				F79CB4E71BCA10C2002CF3AC /* Debug */,
				F79CB4E81BCA10C2002CF3AC /* Release */,
			);
			defaultConfigurationIsVisible = 0;
		};
		F79CB4E91BCA10C2002CF3AC /* Build configuration list for PBXNativeTarget "course_4.final_calculatorUITests" */ = {
			isa = XCConfigurationList;
			buildConfigurations = (
				F79CB4EA1BCA10C2002CF3AC /* Debug */,
				F79CB4EB1BCA10C2002CF3AC /* Release */,
			);
			defaultConfigurationIsVisible = 0;
		};
/* End XCConfigurationList section */
	};
	rootObject = F79CB4B31BCA10C2002CF3AC /* Project object */;
}
